
Microsoft Visual Studio Solution File, Format Version 12.00
# Visual Studio 15
VisualStudioVersion = 15.0.26124.0
MinimumVisualStudioVersion = 15.0.26124.0
Project("{2150E333-8FDC-42A3-9474-1A3956D46DE8}") = "src", "src", "{F8920F54-3740-425F-990B-4305F6923B5D}"
EndProject
Project("{FAE04EC0-301F-11D3-BF4B-00C04F79EFBC}") = "Mumbdo.Web", "src\Mumbdo.Web\Mumbdo.Web.csproj", "{15FE8BB5-6E9B-4DDB-81F5-CB5DBA128C09}"
EndProject
Project("{2150E333-8FDC-42A3-9474-1A3956D46DE8}") = "tests", "tests", "{AC24F120-92A5-4560-B84F-4D9631CD12E4}"
EndProject
Project("{FAE04EC0-301F-11D3-BF4B-00C04F79EFBC}") = "Mumbdo.Web.Tests", "tests\Mumbdo.Web.Tests\Mumbdo.Web.Tests.csproj", "{91D738EB-C14E-4163-A923-1FB0B5E991ED}"
EndProject
Project("{FAE04EC0-301F-11D3-BF4B-00C04F79EFBC}") = "Mumbdo.Web.Interfaces", "src\Mumbdo.Web.Interfaces\Mumbdo.Web.Interfaces.csproj", "{2EFB75C2-9753-4DA0-9CF5-ECAE1D9E02EB}"
EndProject
Project("{FAE04EC0-301F-11D3-BF4B-00C04F79EFBC}") = "Mumbdo.Application", "src\Mumbdo.Application\Mumbdo.Application.csproj", "{23D0FAB7-40F9-430D-B162-BD6463A98D1A}"
EndProject
Project("{FAE04EC0-301F-11D3-BF4B-00C04F79EFBC}") = "Mumbdo.Application.Interfaces", "src\Mumbdo.Application.Interfaces\Mumbdo.Application.Interfaces.csproj", "{89417E15-8A80-40E8-B000-80AC5A08DD67}"
EndProject
Project("{FAE04EC0-301F-11D3-BF4B-00C04F79EFBC}") = "Mumbdo.Domain", "src\Mumbdo.Domain\Mumbdo.Domain.csproj", "{8B012BF1-E650-4786-800D-47A31425CABC}"
EndProject
Project("{FAE04EC0-301F-11D3-BF4B-00C04F79EFBC}") = "Mumbdo.Infastructure", "src\Mumbdo.Infastructure\Mumbdo.Infastructure.csproj", "{45FE446A-0B68-44EC-832F-8A6F7F0D693A}"
EndProject
Project("{FAE04EC0-301F-11D3-BF4B-00C04F79EFBC}") = "Mumbdo.Domain.Tests", "tests\Mumbdo.Domain.Tests\Mumbdo.Domain.Tests.csproj", "{5FCA4B8B-2588-4917-BE7F-13BC80C7DE87}"
EndProject
Project("{FAE04EC0-301F-11D3-BF4B-00C04F79EFBC}") = "Mumbdo.Application.Tests", "tests\Mumbdo.Application.Tests\Mumbdo.Application.Tests.csproj", "{E7B0E3BF-5141-4045-A88D-E07308194C6A}"
EndProject
Project("{FAE04EC0-301F-11D3-BF4B-00C04F79EFBC}") = "Mumbdo.Infastructure.Tests", "tests\Mumbdo.Infastructure.Tests\Mumbdo.Infastructure.Tests.csproj", "{7DCBF44E-3001-4B8F-A718-82186D928116}"
EndProject
Project("{FAE04EC0-301F-11D3-BF4B-00C04F79EFBC}") = "Mumbdo.Api", "src\Mumbdo.Api\Mumbdo.Api.csproj", "{62EA58A6-C5C7-4D95-A8C0-845946CBD12A}"
EndProject
Global
	GlobalSection(SolutionConfigurationPlatforms) = preSolution
		Debug|Any CPU = Debug|Any CPU
		Debug|x64 = Debug|x64
		Debug|x86 = Debug|x86
		Release|Any CPU = Release|Any CPU
		Release|x64 = Release|x64
		Release|x86 = Release|x86
	EndGlobalSection
	GlobalSection(SolutionProperties) = preSolution
		HideSolutionNode = FALSE
	EndGlobalSection
	GlobalSection(ProjectConfigurationPlatforms) = postSolution
		{15FE8BB5-6E9B-4DDB-81F5-CB5DBA128C09}.Debug|Any CPU.ActiveCfg = Debug|Any CPU
		{15FE8BB5-6E9B-4DDB-81F5-CB5DBA128C09}.Debug|Any CPU.Build.0 = Debug|Any CPU
		{15FE8BB5-6E9B-4DDB-81F5-CB5DBA128C09}.Debug|x64.ActiveCfg = Debug|Any CPU
		{15FE8BB5-6E9B-4DDB-81F5-CB5DBA128C09}.Debug|x64.Build.0 = Debug|Any CPU
		{15FE8BB5-6E9B-4DDB-81F5-CB5DBA128C09}.Debug|x86.ActiveCfg = Debug|Any CPU
		{15FE8BB5-6E9B-4DDB-81F5-CB5DBA128C09}.Debug|x86.Build.0 = Debug|Any CPU
		{15FE8BB5-6E9B-4DDB-81F5-CB5DBA128C09}.Release|Any CPU.ActiveCfg = Release|Any CPU
		{15FE8BB5-6E9B-4DDB-81F5-CB5DBA128C09}.Release|Any CPU.Build.0 = Release|Any CPU
		{15FE8BB5-6E9B-4DDB-81F5-CB5DBA128C09}.Release|x64.ActiveCfg = Release|Any CPU
		{15FE8BB5-6E9B-4DDB-81F5-CB5DBA128C09}.Release|x64.Build.0 = Release|Any CPU
		{15FE8BB5-6E9B-4DDB-81F5-CB5DBA128C09}.Release|x86.ActiveCfg = Release|Any CPU
		{15FE8BB5-6E9B-4DDB-81F5-CB5DBA128C09}.Release|x86.Build.0 = Release|Any CPU
		{91D738EB-C14E-4163-A923-1FB0B5E991ED}.Debug|Any CPU.ActiveCfg = Debug|Any CPU
		{91D738EB-C14E-4163-A923-1FB0B5E991ED}.Debug|Any CPU.Build.0 = Debug|Any CPU
		{91D738EB-C14E-4163-A923-1FB0B5E991ED}.Debug|x64.ActiveCfg = Debug|Any CPU
		{91D738EB-C14E-4163-A923-1FB0B5E991ED}.Debug|x64.Build.0 = Debug|Any CPU
		{91D738EB-C14E-4163-A923-1FB0B5E991ED}.Debug|x86.ActiveCfg = Debug|Any CPU
		{91D738EB-C14E-4163-A923-1FB0B5E991ED}.Debug|x86.Build.0 = Debug|Any CPU
		{91D738EB-C14E-4163-A923-1FB0B5E991ED}.Release|Any CPU.ActiveCfg = Release|Any CPU
		{91D738EB-C14E-4163-A923-1FB0B5E991ED}.Release|Any CPU.Build.0 = Release|Any CPU
		{91D738EB-C14E-4163-A923-1FB0B5E991ED}.Release|x64.ActiveCfg = Release|Any CPU
		{91D738EB-C14E-4163-A923-1FB0B5E991ED}.Release|x64.Build.0 = Release|Any CPU
		{91D738EB-C14E-4163-A923-1FB0B5E991ED}.Release|x86.ActiveCfg = Release|Any CPU
		{91D738EB-C14E-4163-A923-1FB0B5E991ED}.Release|x86.Build.0 = Release|Any CPU
		{2EFB75C2-9753-4DA0-9CF5-ECAE1D9E02EB}.Debug|Any CPU.ActiveCfg = Debug|Any CPU
		{2EFB75C2-9753-4DA0-9CF5-ECAE1D9E02EB}.Debug|Any CPU.Build.0 = Debug|Any CPU
		{2EFB75C2-9753-4DA0-9CF5-ECAE1D9E02EB}.Debug|x64.ActiveCfg = Debug|Any CPU
		{2EFB75C2-9753-4DA0-9CF5-ECAE1D9E02EB}.Debug|x64.Build.0 = Debug|Any CPU
		{2EFB75C2-9753-4DA0-9CF5-ECAE1D9E02EB}.Debug|x86.ActiveCfg = Debug|Any CPU
		{2EFB75C2-9753-4DA0-9CF5-ECAE1D9E02EB}.Debug|x86.Build.0 = Debug|Any CPU
		{2EFB75C2-9753-4DA0-9CF5-ECAE1D9E02EB}.Release|Any CPU.ActiveCfg = Release|Any CPU
		{2EFB75C2-9753-4DA0-9CF5-ECAE1D9E02EB}.Release|Any CPU.Build.0 = Release|Any CPU
		{2EFB75C2-9753-4DA0-9CF5-ECAE1D9E02EB}.Release|x64.ActiveCfg = Release|Any CPU
		{2EFB75C2-9753-4DA0-9CF5-ECAE1D9E02EB}.Release|x64.Build.0 = Release|Any CPU
		{2EFB75C2-9753-4DA0-9CF5-ECAE1D9E02EB}.Release|x86.ActiveCfg = Release|Any CPU
		{2EFB75C2-9753-4DA0-9CF5-ECAE1D9E02EB}.Release|x86.Build.0 = Release|Any CPU
		{23D0FAB7-40F9-430D-B162-BD6463A98D1A}.Debug|Any CPU.ActiveCfg = Debug|Any CPU
		{23D0FAB7-40F9-430D-B162-BD6463A98D1A}.Debug|Any CPU.Build.0 = Debug|Any CPU
		{23D0FAB7-40F9-430D-B162-BD6463A98D1A}.Debug|x64.ActiveCfg = Debug|Any CPU
		{23D0FAB7-40F9-430D-B162-BD6463A98D1A}.Debug|x64.Build.0 = Debug|Any CPU
		{23D0FAB7-40F9-430D-B162-BD6463A98D1A}.Debug|x86.ActiveCfg = Debug|Any CPU
		{23D0FAB7-40F9-430D-B162-BD6463A98D1A}.Debug|x86.Build.0 = Debug|Any CPU
		{23D0FAB7-40F9-430D-B162-BD6463A98D1A}.Release|Any CPU.ActiveCfg = Release|Any CPU
		{23D0FAB7-40F9-430D-B162-BD6463A98D1A}.Release|Any CPU.Build.0 = Release|Any CPU
		{23D0FAB7-40F9-430D-B162-BD6463A98D1A}.Release|x64.ActiveCfg = Release|Any CPU
		{23D0FAB7-40F9-430D-B162-BD6463A98D1A}.Release|x64.Build.0 = Release|Any CPU
		{23D0FAB7-40F9-430D-B162-BD6463A98D1A}.Release|x86.ActiveCfg = Release|Any CPU
		{23D0FAB7-40F9-430D-B162-BD6463A98D1A}.Release|x86.Build.0 = Release|Any CPU
		{89417E15-8A80-40E8-B000-80AC5A08DD67}.Debug|Any CPU.ActiveCfg = Debug|Any CPU
		{89417E15-8A80-40E8-B000-80AC5A08DD67}.Debug|Any CPU.Build.0 = Debug|Any CPU
		{89417E15-8A80-40E8-B000-80AC5A08DD67}.Debug|x64.ActiveCfg = Debug|Any CPU
		{89417E15-8A80-40E8-B000-80AC5A08DD67}.Debug|x64.Build.0 = Debug|Any CPU
		{89417E15-8A80-40E8-B000-80AC5A08DD67}.Debug|x86.ActiveCfg = Debug|Any CPU
		{89417E15-8A80-40E8-B000-80AC5A08DD67}.Debug|x86.Build.0 = Debug|Any CPU
		{89417E15-8A80-40E8-B000-80AC5A08DD67}.Release|Any CPU.ActiveCfg = Release|Any CPU
		{89417E15-8A80-40E8-B000-80AC5A08DD67}.Release|Any CPU.Build.0 = Release|Any CPU
		{89417E15-8A80-40E8-B000-80AC5A08DD67}.Release|x64.ActiveCfg = Release|Any CPU
		{89417E15-8A80-40E8-B000-80AC5A08DD67}.Release|x64.Build.0 = Release|Any CPU
		{89417E15-8A80-40E8-B000-80AC5A08DD67}.Release|x86.ActiveCfg = Release|Any CPU
		{89417E15-8A80-40E8-B000-80AC5A08DD67}.Release|x86.Build.0 = Release|Any CPU
		{8B012BF1-E650-4786-800D-47A31425CABC}.Debug|Any CPU.ActiveCfg = Debug|Any CPU
		{8B012BF1-E650-4786-800D-47A31425CABC}.Debug|Any CPU.Build.0 = Debug|Any CPU
		{8B012BF1-E650-4786-800D-47A31425CABC}.Debug|x64.ActiveCfg = Debug|Any CPU
		{8B012BF1-E650-4786-800D-47A31425CABC}.Debug|x64.Build.0 = Debug|Any CPU
		{8B012BF1-E650-4786-800D-47A31425CABC}.Debug|x86.ActiveCfg = Debug|Any CPU
		{8B012BF1-E650-4786-800D-47A31425CABC}.Debug|x86.Build.0 = Debug|Any CPU
		{8B012BF1-E650-4786-800D-47A31425CABC}.Release|Any CPU.ActiveCfg = Release|Any CPU
		{8B012BF1-E650-4786-800D-47A31425CABC}.Release|Any CPU.Build.0 = Release|Any CPU
		{8B012BF1-E650-4786-800D-47A31425CABC}.Release|x64.ActiveCfg = Release|Any CPU
		{8B012BF1-E650-4786-800D-47A31425CABC}.Release|x64.Build.0 = Release|Any CPU
		{8B012BF1-E650-4786-800D-47A31425CABC}.Release|x86.ActiveCfg = Release|Any CPU
		{8B012BF1-E650-4786-800D-47A31425CABC}.Release|x86.Build.0 = Release|Any CPU
		{45FE446A-0B68-44EC-832F-8A6F7F0D693A}.Debug|Any CPU.ActiveCfg = Debug|Any CPU
		{45FE446A-0B68-44EC-832F-8A6F7F0D693A}.Debug|Any CPU.Build.0 = Debug|Any CPU
		{45FE446A-0B68-44EC-832F-8A6F7F0D693A}.Debug|x64.ActiveCfg = Debug|Any CPU
		{45FE446A-0B68-44EC-832F-8A6F7F0D693A}.Debug|x64.Build.0 = Debug|Any CPU
		{45FE446A-0B68-44EC-832F-8A6F7F0D693A}.Debug|x86.ActiveCfg = Debug|Any CPU
		{45FE446A-0B68-44EC-832F-8A6F7F0D693A}.Debug|x86.Build.0 = Debug|Any CPU
		{45FE446A-0B68-44EC-832F-8A6F7F0D693A}.Release|Any CPU.ActiveCfg = Release|Any CPU
		{45FE446A-0B68-44EC-832F-8A6F7F0D693A}.Release|Any CPU.Build.0 = Release|Any CPU
		{45FE446A-0B68-44EC-832F-8A6F7F0D693A}.Release|x64.ActiveCfg = Release|Any CPU
		{45FE446A-0B68-44EC-832F-8A6F7F0D693A}.Release|x64.Build.0 = Release|Any CPU
		{45FE446A-0B68-44EC-832F-8A6F7F0D693A}.Release|x86.ActiveCfg = Release|Any CPU
		{45FE446A-0B68-44EC-832F-8A6F7F0D693A}.Release|x86.Build.0 = Release|Any CPU
		{5FCA4B8B-2588-4917-BE7F-13BC80C7DE87}.Debug|Any CPU.ActiveCfg = Debug|Any CPU
		{5FCA4B8B-2588-4917-BE7F-13BC80C7DE87}.Debug|Any CPU.Build.0 = Debug|Any CPU
		{5FCA4B8B-2588-4917-BE7F-13BC80C7DE87}.Debug|x64.ActiveCfg = Debug|Any CPU
		{5FCA4B8B-2588-4917-BE7F-13BC80C7DE87}.Debug|x64.Build.0 = Debug|Any CPU
		{5FCA4B8B-2588-4917-BE7F-13BC80C7DE87}.Debug|x86.ActiveCfg = Debug|Any CPU
		{5FCA4B8B-2588-4917-BE7F-13BC80C7DE87}.Debug|x86.Build.0 = Debug|Any CPU
		{5FCA4B8B-2588-4917-BE7F-13BC80C7DE87}.Release|Any CPU.ActiveCfg = Release|Any CPU
		{5FCA4B8B-2588-4917-BE7F-13BC80C7DE87}.Release|Any CPU.Build.0 = Release|Any CPU
		{5FCA4B8B-2588-4917-BE7F-13BC80C7DE87}.Release|x64.ActiveCfg = Release|Any CPU
		{5FCA4B8B-2588-4917-BE7F-13BC80C7DE87}.Release|x64.Build.0 = Release|Any CPU
		{5FCA4B8B-2588-4917-BE7F-13BC80C7DE87}.Release|x86.ActiveCfg = Release|Any CPU
		{5FCA4B8B-2588-4917-BE7F-13BC80C7DE87}.Release|x86.Build.0 = Release|Any CPU
		{E7B0E3BF-5141-4045-A88D-E07308194C6A}.Debug|Any CPU.ActiveCfg = Debug|Any CPU
		{E7B0E3BF-5141-4045-A88D-E07308194C6A}.Debug|Any CPU.Build.0 = Debug|Any CPU
		{E7B0E3BF-5141-4045-A88D-E07308194C6A}.Debug|x64.ActiveCfg = Debug|Any CPU
		{E7B0E3BF-5141-4045-A88D-E07308194C6A}.Debug|x64.Build.0 = Debug|Any CPU
		{E7B0E3BF-5141-4045-A88D-E07308194C6A}.Debug|x86.ActiveCfg = Debug|Any CPU
		{E7B0E3BF-5141-4045-A88D-E07308194C6A}.Debug|x86.Build.0 = Debug|Any CPU
		{E7B0E3BF-5141-4045-A88D-E07308194C6A}.Release|Any CPU.ActiveCfg = Release|Any CPU
		{E7B0E3BF-5141-4045-A88D-E07308194C6A}.Release|Any CPU.Build.0 = Release|Any CPU
		{E7B0E3BF-5141-4045-A88D-E07308194C6A}.Release|x64.ActiveCfg = Release|Any CPU
		{E7B0E3BF-5141-4045-A88D-E07308194C6A}.Release|x64.Build.0 = Release|Any CPU
		{E7B0E3BF-5141-4045-A88D-E07308194C6A}.Release|x86.ActiveCfg = Release|Any CPU
		{E7B0E3BF-5141-4045-A88D-E07308194C6A}.Release|x86.Build.0 = Release|Any CPU
		{7DCBF44E-3001-4B8F-A718-82186D928116}.Debug|Any CPU.ActiveCfg = Debug|Any CPU
		{7DCBF44E-3001-4B8F-A718-82186D928116}.Debug|Any CPU.Build.0 = Debug|Any CPU
		{7DCBF44E-3001-4B8F-A718-82186D928116}.Debug|x64.ActiveCfg = Debug|Any CPU
		{7DCBF44E-3001-4B8F-A718-82186D928116}.Debug|x64.Build.0 = Debug|Any CPU
		{7DCBF44E-3001-4B8F-A718-82186D928116}.Debug|x86.ActiveCfg = Debug|Any CPU
		{7DCBF44E-3001-4B8F-A718-82186D928116}.Debug|x86.Build.0 = Debug|Any CPU
		{7DCBF44E-3001-4B8F-A718-82186D928116}.Release|Any CPU.ActiveCfg = Release|Any CPU
		{7DCBF44E-3001-4B8F-A718-82186D928116}.Release|Any CPU.Build.0 = Release|Any CPU
		{7DCBF44E-3001-4B8F-A718-82186D928116}.Release|x64.ActiveCfg = Release|Any CPU
		{7DCBF44E-3001-4B8F-A718-82186D928116}.Release|x64.Build.0 = Release|Any CPU
		{7DCBF44E-3001-4B8F-A718-82186D928116}.Release|x86.ActiveCfg = Release|Any CPU
		{7DCBF44E-3001-4B8F-A718-82186D928116}.Release|x86.Build.0 = Release|Any CPU
		{62EA58A6-C5C7-4D95-A8C0-845946CBD12A}.Debug|Any CPU.ActiveCfg = Debug|Any CPU
		{62EA58A6-C5C7-4D95-A8C0-845946CBD12A}.Debug|Any CPU.Build.0 = Debug|Any CPU
		{62EA58A6-C5C7-4D95-A8C0-845946CBD12A}.Debug|x64.ActiveCfg = Debug|Any CPU
		{62EA58A6-C5C7-4D95-A8C0-845946CBD12A}.Debug|x64.Build.0 = Debug|Any CPU
		{62EA58A6-C5C7-4D95-A8C0-845946CBD12A}.Debug|x86.ActiveCfg = Debug|Any CPU
		{62EA58A6-C5C7-4D95-A8C0-845946CBD12A}.Debug|x86.Build.0 = Debug|Any CPU
		{62EA58A6-C5C7-4D95-A8C0-845946CBD12A}.Release|Any CPU.ActiveCfg = Release|Any CPU
		{62EA58A6-C5C7-4D95-A8C0-845946CBD12A}.Release|Any CPU.Build.0 = Release|Any CPU
		{62EA58A6-C5C7-4D95-A8C0-845946CBD12A}.Release|x64.ActiveCfg = Release|Any CPU
		{62EA58A6-C5C7-4D95-A8C0-845946CBD12A}.Release|x64.Build.0 = Release|Any CPU
		{62EA58A6-C5C7-4D95-A8C0-845946CBD12A}.Release|x86.ActiveCfg = Release|Any CPU
		{62EA58A6-C5C7-4D95-A8C0-845946CBD12A}.Release|x86.Build.0 = Release|Any CPU
	EndGlobalSection
	GlobalSection(NestedProjects) = preSolution
		{15FE8BB5-6E9B-4DDB-81F5-CB5DBA128C09} = {F8920F54-3740-425F-990B-4305F6923B5D}
		{91D738EB-C14E-4163-A923-1FB0B5E991ED} = {AC24F120-92A5-4560-B84F-4D9631CD12E4}
		{2EFB75C2-9753-4DA0-9CF5-ECAE1D9E02EB} = {F8920F54-3740-425F-990B-4305F6923B5D}
		{23D0FAB7-40F9-430D-B162-BD6463A98D1A} = {F8920F54-3740-425F-990B-4305F6923B5D}
		{89417E15-8A80-40E8-B000-80AC5A08DD67} = {F8920F54-3740-425F-990B-4305F6923B5D}
		{8B012BF1-E650-4786-800D-47A31425CABC} = {F8920F54-3740-425F-990B-4305F6923B5D}
		{45FE446A-0B68-44EC-832F-8A6F7F0D693A} = {F8920F54-3740-425F-990B-4305F6923B5D}
		{5FCA4B8B-2588-4917-BE7F-13BC80C7DE87} = {AC24F120-92A5-4560-B84F-4D9631CD12E4}
		{E7B0E3BF-5141-4045-A88D-E07308194C6A} = {AC24F120-92A5-4560-B84F-4D9631CD12E4}
		{7DCBF44E-3001-4B8F-A718-82186D928116} = {AC24F120-92A5-4560-B84F-4D9631CD12E4}
		{62EA58A6-C5C7-4D95-A8C0-845946CBD12A} = {F8920F54-3740-425F-990B-4305F6923B5D}
	EndGlobalSection
EndGlobal
